
Microsoft Visual Studio Solution File, Format Version 12.00
# Visual Studio Version 17
VisualStudioVersion = 17.10.35013.160
MinimumVisualStudioVersion = 10.0.40219.1
Project("{FAE04EC0-301F-11D3-BF4B-00C04F79EFBC}") = "WebApiContainer", "WebApiContainer\WebApiContainer.csproj", "{FAB4A73D-537A-4BE0-B26D-5603518B43F0}"
EndProject
Global
	GlobalSection(SolutionConfigurationPlatforms) = preSolution
		Debug|Any CPU = Debug|Any CPU
		Release|Any CPU = Release|Any CPU
	EndGlobalSection
	GlobalSection(ProjectConfigurationPlatforms) = postSolution
		{FAB4A73D-537A-4BE0-B26D-5603518B43F0}.Debug|Any CPU.ActiveCfg = Debug|Any CPU
		{FAB4A73D-537A-4BE0-B26D-5603518B43F0}.Debug|Any CPU.Build.0 = Debug|Any CPU
		{FAB4A73D-537A-4BE0-B26D-5603518B43F0}.Release|Any CPU.ActiveCfg = Release|Any CPU
		{FAB4A73D-537A-4BE0-B26D-5603518B43F0}.Release|Any CPU.Build.0 = Release|Any CPU
	EndGlobalSection
	GlobalSection(SolutionProperties) = preSolution
		HideSolutionNode = FALSE
	EndGlobalSection
	GlobalSection(ExtensibilityGlobals) = postSolution
		SolutionGuid = {E8D4B873-6F94-4AE0-8918-DE2F08805577}
	EndGlobalSection
EndGlobal
