
Microsoft Visual Studio Solution File, Format Version 12.00
# Visual Studio Version 16
VisualStudioVersion = 25.0.1706.13
MinimumVisualStudioVersion = 10.0.40219.1
Project("{FAE04EC0-301F-11D3-BF4B-00C04F79EFBC}") = "SampleAPIfromVS2022", "SampleAPIfromVS2022\SampleAPIfromVS2022.csproj", "{E4C85B51-59A3-486B-BD9E-C2575E2E4005}"
EndProject
Global
	GlobalSection(SolutionConfigurationPlatforms) = preSolution
		Debug|Any CPU = Debug|Any CPU
		Release|Any CPU = Release|Any CPU
	EndGlobalSection
	GlobalSection(ProjectConfigurationPlatforms) = postSolution
		{E4C85B51-59A3-486B-BD9E-C2575E2E4005}.Debug|Any CPU.ActiveCfg = Debug|Any CPU
		{E4C85B51-59A3-486B-BD9E-C2575E2E4005}.Debug|Any CPU.Build.0 = Debug|Any CPU
		{E4C85B51-59A3-486B-BD9E-C2575E2E4005}.Release|Any CPU.ActiveCfg = Release|Any CPU
		{E4C85B51-59A3-486B-BD9E-C2575E2E4005}.Release|Any CPU.Build.0 = Release|Any CPU
	EndGlobalSection
	GlobalSection(SolutionProperties) = preSolution
		HideSolutionNode = FALSE
	EndGlobalSection
	GlobalSection(ExtensibilityGlobals) = postSolution
		SolutionGuid = {0619E34D-8654-4530-BE67-34EE37AED9C1}
	EndGlobalSection
EndGlobal
