
Microsoft Visual Studio Solution File, Format Version 12.00
# Visual Studio Version 17
VisualStudioVersion = 17.10.35013.160
MinimumVisualStudioVersion = 10.0.40219.1
Project("{FAE04EC0-301F-11D3-BF4B-00C04F79EFBC}") = "AsyncConsole2", "AsyncConsole2\AsyncConsole2.csproj", "{7B2509F6-B329-4E11-8803-E46229091A47}"
EndProject
Global
	GlobalSection(SolutionConfigurationPlatforms) = preSolution
		Debug|Any CPU = Debug|Any CPU
		Release|Any CPU = Release|Any CPU
	EndGlobalSection
	GlobalSection(ProjectConfigurationPlatforms) = postSolution
		{7B2509F6-B329-4E11-8803-E46229091A47}.Debug|Any CPU.ActiveCfg = Debug|Any CPU
		{7B2509F6-B329-4E11-8803-E46229091A47}.Debug|Any CPU.Build.0 = Debug|Any CPU
		{7B2509F6-B329-4E11-8803-E46229091A47}.Release|Any CPU.ActiveCfg = Release|Any CPU
		{7B2509F6-B329-4E11-8803-E46229091A47}.Release|Any CPU.Build.0 = Release|Any CPU
	EndGlobalSection
	GlobalSection(SolutionProperties) = preSolution
		HideSolutionNode = FALSE
	EndGlobalSection
	GlobalSection(ExtensibilityGlobals) = postSolution
		SolutionGuid = {CD784C40-6E63-47FE-B06B-4BA8517A37C7}
	EndGlobalSection
EndGlobal
