
Microsoft Visual Studio Solution File, Format Version 12.00
# Visual Studio Version 17
VisualStudioVersion = 17.10.35013.160
MinimumVisualStudioVersion = 10.0.40219.1
Project("{FAE04EC0-301F-11D3-BF4B-00C04F79EFBC}") = "AsyncConsole", "AsyncConsole\AsyncConsole.csproj", "{1B9E44D1-7A68-4E1C-8293-65BC88225421}"
EndProject
Global
	GlobalSection(SolutionConfigurationPlatforms) = preSolution
		Debug|Any CPU = Debug|Any CPU
		Release|Any CPU = Release|Any CPU
	EndGlobalSection
	GlobalSection(ProjectConfigurationPlatforms) = postSolution
		{1B9E44D1-7A68-4E1C-8293-65BC88225421}.Debug|Any CPU.ActiveCfg = Debug|Any CPU
		{1B9E44D1-7A68-4E1C-8293-65BC88225421}.Debug|Any CPU.Build.0 = Debug|Any CPU
		{1B9E44D1-7A68-4E1C-8293-65BC88225421}.Release|Any CPU.ActiveCfg = Release|Any CPU
		{1B9E44D1-7A68-4E1C-8293-65BC88225421}.Release|Any CPU.Build.0 = Release|Any CPU
	EndGlobalSection
	GlobalSection(SolutionProperties) = preSolution
		HideSolutionNode = FALSE
	EndGlobalSection
	GlobalSection(ExtensibilityGlobals) = postSolution
		SolutionGuid = {D1ED25A9-CDB0-4FE5-A387-3261B241C3A7}
	EndGlobalSection
EndGlobal
